
Microsoft Visual Studio Solution File, Format Version 12.00
# Visual Studio Version 16
VisualStudioVersion = 16.0.28803.202
MinimumVisualStudioVersion = 10.0.40219.1
Project("{8BC9CEB8-8B4A-11D0-8D11-00A0C91BC942}") = "USACO-B-DEC2011", "USACO-B-DEC2011.vcxproj", "{17C85810-481F-4067-8F6D-117A1E56C291}"
EndProject
Global
	GlobalSection(SolutionConfigurationPlatforms) = preSolution
		Debug|x64 = Debug|x64
		Debug|x86 = Debug|x86
		Release|x64 = Release|x64
		Release|x86 = Release|x86
	EndGlobalSection
	GlobalSection(ProjectConfigurationPlatforms) = postSolution
		{17C85810-481F-4067-8F6D-117A1E56C291}.Debug|x64.ActiveCfg = Debug|x64
		{17C85810-481F-4067-8F6D-117A1E56C291}.Debug|x64.Build.0 = Debug|x64
		{17C85810-481F-4067-8F6D-117A1E56C291}.Debug|x86.ActiveCfg = Debug|Win32
		{17C85810-481F-4067-8F6D-117A1E56C291}.Debug|x86.Build.0 = Debug|Win32
		{17C85810-481F-4067-8F6D-117A1E56C291}.Release|x64.ActiveCfg = Release|x64
		{17C85810-481F-4067-8F6D-117A1E56C291}.Release|x64.Build.0 = Release|x64
		{17C85810-481F-4067-8F6D-117A1E56C291}.Release|x86.ActiveCfg = Release|Win32
		{17C85810-481F-4067-8F6D-117A1E56C291}.Release|x86.Build.0 = Release|Win32
	EndGlobalSection
	GlobalSection(SolutionProperties) = preSolution
		HideSolutionNode = FALSE
	EndGlobalSection
	GlobalSection(ExtensibilityGlobals) = postSolution
		SolutionGuid = {6407FF45-ECE3-46E4-A417-DC92F08179AD}
	EndGlobalSection
EndGlobal
